
Microsoft Visual Studio Solution File, Format Version 12.00
# Visual Studio Version 17
VisualStudioVersion = 17.0.32112.339
MinimumVisualStudioVersion = 10.0.40219.1
Project("{FAE04EC0-301F-11D3-BF4B-00C04F79EFBC}") = "spaceRace", "spaceRace\spaceRace.csproj", "{F0A83436-CAFF-4B0B-A038-2BFC4CDCCA0F}"
EndProject
Global
	GlobalSection(SolutionConfigurationPlatforms) = preSolution
		Debug|Any CPU = Debug|Any CPU
		Release|Any CPU = Release|Any CPU
	EndGlobalSection
	GlobalSection(ProjectConfigurationPlatforms) = postSolution
		{F0A83436-CAFF-4B0B-A038-2BFC4CDCCA0F}.Debug|Any CPU.ActiveCfg = Debug|Any CPU
		{F0A83436-CAFF-4B0B-A038-2BFC4CDCCA0F}.Debug|Any CPU.Build.0 = Debug|Any CPU
		{F0A83436-CAFF-4B0B-A038-2BFC4CDCCA0F}.Release|Any CPU.ActiveCfg = Release|Any CPU
		{F0A83436-CAFF-4B0B-A038-2BFC4CDCCA0F}.Release|Any CPU.Build.0 = Release|Any CPU
	EndGlobalSection
	GlobalSection(SolutionProperties) = preSolution
		HideSolutionNode = FALSE
	EndGlobalSection
	GlobalSection(ExtensibilityGlobals) = postSolution
		SolutionGuid = {D122A44C-FE43-482A-91A2-76A8AFEB6C63}
	EndGlobalSection
EndGlobal
